{
    "_meta": {
        "hash": {
            "sha256": "720e0a6567d54061cb82841b0cf6b699fcf05137945f4cca140157bcd6fd893a"
        },
        "pipfile-spec": 6,
        "requires": {
            "python_version": "3.8"
        },
        "sources": [
            {
                "name": "pypi",
                "url": "https://pypi.python.org/simple",
                "verify_ssl": true
            }
        ]
    },
    "default": {
        "chess": {
            "hashes": [
                "sha256:23185e5a16f2b26ef7817d1776c7093d0e331774e9dace7e7ce468f9591ac1c7",
                "sha256:fd33a6c904e64aea327225ffa779b66f8c50887f769105168b1d22df4934ad2b"
            ],
            "index": "pypi",
            "version": "==1.3.0"
        }
    },
    "develop": {}
}
